
Microsoft Visual Studio Solution File, Format Version 12.00
# Visual Studio Version 17
VisualStudioVersion = 17.0.31611.283
MinimumVisualStudioVersion = 10.0.40219.1
Project("{9A19103F-16F7-4668-BE54-9A1E7A4F7556}") = "PianoLessons", "PianoLessons\PianoLessons.csproj", "{60759085-D876-4E9B-AB90-34699470F10C}"
EndProject
Project("{9A19103F-16F7-4668-BE54-9A1E7A4F7556}") = "PianoLessonsApi", "PianoLessonsApi\PianoLessonsApi.csproj", "{222525AE-48D6-4F66-B633-DDD8E172FECC}"
EndProject
Project("{9A19103F-16F7-4668-BE54-9A1E7A4F7556}") = "PianoLessons.Shared", "PianoLessons.Shared\PianoLessons.Shared.csproj", "{2EC8B4F4-27D6-4A03-A792-EC0D1D1C06EF}"
EndProject
Project("{E53339B2-1760-4266-BCC7-CA923CBCF16C}") = "docker-compose", "docker-compose.dcproj", "{8651E065-424D-4A08-AB1A-8FA004AB9893}"
EndProject
Project("{2150E333-8FDC-42A3-9474-1A3956D46DE8}") = "Solution Items", "Solution Items", "{41C85271-2702-4C38-9CE1-B1FD8A810A86}"
	ProjectSection(SolutionItems) = preProject
		Schema_Creation.sql = Schema_Creation.sql
	EndProjectSection
EndProject
Project("{9A19103F-16F7-4668-BE54-9A1E7A4F7556}") = "PianoLessons.Tests", "PianoLessons.Tests\PianoLessons.Tests.csproj", "{E3BF58E1-4CE9-49E5-8AA3-A7862C87BF32}"
EndProject
Global
	GlobalSection(SolutionConfigurationPlatforms) = preSolution
		Debug|Any CPU = Debug|Any CPU
		Release|Any CPU = Release|Any CPU
	EndGlobalSection
	GlobalSection(ProjectConfigurationPlatforms) = postSolution
		{60759085-D876-4E9B-AB90-34699470F10C}.Debug|Any CPU.ActiveCfg = Debug|Any CPU
		{60759085-D876-4E9B-AB90-34699470F10C}.Debug|Any CPU.Build.0 = Debug|Any CPU
		{60759085-D876-4E9B-AB90-34699470F10C}.Debug|Any CPU.Deploy.0 = Debug|Any CPU
		{60759085-D876-4E9B-AB90-34699470F10C}.Release|Any CPU.ActiveCfg = Release|Any CPU
		{60759085-D876-4E9B-AB90-34699470F10C}.Release|Any CPU.Build.0 = Release|Any CPU
		{60759085-D876-4E9B-AB90-34699470F10C}.Release|Any CPU.Deploy.0 = Release|Any CPU
		{222525AE-48D6-4F66-B633-DDD8E172FECC}.Debug|Any CPU.ActiveCfg = Debug|Any CPU
		{222525AE-48D6-4F66-B633-DDD8E172FECC}.Debug|Any CPU.Build.0 = Debug|Any CPU
		{222525AE-48D6-4F66-B633-DDD8E172FECC}.Release|Any CPU.ActiveCfg = Release|Any CPU
		{222525AE-48D6-4F66-B633-DDD8E172FECC}.Release|Any CPU.Build.0 = Release|Any CPU
		{2EC8B4F4-27D6-4A03-A792-EC0D1D1C06EF}.Debug|Any CPU.ActiveCfg = Debug|Any CPU
		{2EC8B4F4-27D6-4A03-A792-EC0D1D1C06EF}.Debug|Any CPU.Build.0 = Debug|Any CPU
		{2EC8B4F4-27D6-4A03-A792-EC0D1D1C06EF}.Release|Any CPU.ActiveCfg = Release|Any CPU
		{2EC8B4F4-27D6-4A03-A792-EC0D1D1C06EF}.Release|Any CPU.Build.0 = Release|Any CPU
		{8651E065-424D-4A08-AB1A-8FA004AB9893}.Debug|Any CPU.ActiveCfg = Debug|Any CPU
		{8651E065-424D-4A08-AB1A-8FA004AB9893}.Debug|Any CPU.Build.0 = Debug|Any CPU
		{8651E065-424D-4A08-AB1A-8FA004AB9893}.Release|Any CPU.ActiveCfg = Release|Any CPU
		{8651E065-424D-4A08-AB1A-8FA004AB9893}.Release|Any CPU.Build.0 = Release|Any CPU
		{E3BF58E1-4CE9-49E5-8AA3-A7862C87BF32}.Debug|Any CPU.ActiveCfg = Debug|Any CPU
		{E3BF58E1-4CE9-49E5-8AA3-A7862C87BF32}.Debug|Any CPU.Build.0 = Debug|Any CPU
		{E3BF58E1-4CE9-49E5-8AA3-A7862C87BF32}.Release|Any CPU.ActiveCfg = Release|Any CPU
		{E3BF58E1-4CE9-49E5-8AA3-A7862C87BF32}.Release|Any CPU.Build.0 = Release|Any CPU
	EndGlobalSection
	GlobalSection(SolutionProperties) = preSolution
		HideSolutionNode = FALSE
	EndGlobalSection
	GlobalSection(ExtensibilityGlobals) = postSolution
		SolutionGuid = {61F7FB11-1E47-470C-91E2-47F8143E1572}
	EndGlobalSection
EndGlobal
